// !$*UTF8*$!
{
	archiveVersion = 1;
	classes = {
	};
	objectVersion = 46;
	objects = {

/* Begin PBXBuildFile section */
		4AD6E723FB3397A50CE605CC /* Pods_Onyo.framework in Frameworks */ = {isa = PBXBuildFile; fileRef = 54120AC2A2A2F21358A94081 /* Pods_Onyo.framework */; settings = {ATTRIBUTES = (Weak, ); }; };
		A046734D1CC06444003160C0 /* AppDelegate.swift in Sources */ = {isa = PBXBuildFile; fileRef = A046734C1CC06444003160C0 /* AppDelegate.swift */; };
		A046734F1CC06444003160C0 /* CompanyViewController.swift in Sources */ = {isa = PBXBuildFile; fileRef = A046734E1CC06444003160C0 /* CompanyViewController.swift */; };
		A04673541CC06444003160C0 /* Assets.xcassets in Resources */ = {isa = PBXBuildFile; fileRef = A04673531CC06444003160C0 /* Assets.xcassets */; };
		A04673571CC06444003160C0 /* LaunchScreen.storyboard in Resources */ = {isa = PBXBuildFile; fileRef = A04673551CC06444003160C0 /* LaunchScreen.storyboard */; };
		A04673621CC06444003160C0 /* OnyoTests.swift in Sources */ = {isa = PBXBuildFile; fileRef = A04673611CC06444003160C0 /* OnyoTests.swift */; };
		A046736D1CC06444003160C0 /* OnyoUITests.swift in Sources */ = {isa = PBXBuildFile; fileRef = A046736C1CC06444003160C0 /* OnyoUITests.swift */; };
		A046737B1CC069D4003160C0 /* Model.swift in Sources */ = {isa = PBXBuildFile; fileRef = A046737A1CC069D4003160C0 /* Model.swift */; };
		A06DBFED1CC1B2F500339F38 /* CompanyCell.swift in Sources */ = {isa = PBXBuildFile; fileRef = A06DBFEC1CC1B2F500339F38 /* CompanyCell.swift */; };
		A06DBFEF1CC1B32700339F38 /* CompanyCell.xib in Resources */ = {isa = PBXBuildFile; fileRef = A06DBFEE1CC1B32700339F38 /* CompanyCell.xib */; };
		A06DBFF21CC1B3E200339F38 /* Main.storyboard in Resources */ = {isa = PBXBuildFile; fileRef = A06DBFF01CC1B3E200339F38 /* Main.storyboard */; };
		A06DBFF61CC1C11000339F38 /* BaseCollectionViewCell.swift in Sources */ = {isa = PBXBuildFile; fileRef = A06DBFF51CC1C11000339F38 /* BaseCollectionViewCell.swift */; };
		A0DB80891CC2CB4500E2F298 /* Connection.swift in Sources */ = {isa = PBXBuildFile; fileRef = A0DB80881CC2CB4500E2F298 /* Connection.swift */; };
/* End PBXBuildFile section */

/* Begin PBXContainerItemProxy section */
		A046735E1CC06444003160C0 /* PBXContainerItemProxy */ = {
			isa = PBXContainerItemProxy;
			containerPortal = A04673411CC06444003160C0 /* Project object */;
			proxyType = 1;
			remoteGlobalIDString = A04673481CC06444003160C0;
			remoteInfo = Onyo;
		};
		A04673691CC06444003160C0 /* PBXContainerItemProxy */ = {
			isa = PBXContainerItemProxy;
			containerPortal = A04673411CC06444003160C0 /* Project object */;
			proxyType = 1;
			remoteGlobalIDString = A04673481CC06444003160C0;
			remoteInfo = Onyo;
		};
/* End PBXContainerItemProxy section */

/* Begin PBXFileReference section */
		54120AC2A2A2F21358A94081 /* Pods_Onyo.framework */ = {isa = PBXFileReference; explicitFileType = wrapper.framework; includeInIndex = 0; path = Pods_Onyo.framework; sourceTree = BUILT_PRODUCTS_DIR; };
		66120686744C082F3E6A390F /* Pods-Onyo.debug.xcconfig */ = {isa = PBXFileReference; includeInIndex = 1; lastKnownFileType = text.xcconfig; name = "Pods-Onyo.debug.xcconfig"; path = "Pods/Target Support Files/Pods-Onyo/Pods-Onyo.debug.xcconfig"; sourceTree = "<group>"; };
		A04673491CC06444003160C0 /* Onyo.app */ = {isa = PBXFileReference; explicitFileType = wrapper.application; includeInIndex = 0; path = Onyo.app; sourceTree = BUILT_PRODUCTS_DIR; };
		A046734C1CC06444003160C0 /* AppDelegate.swift */ = {isa = PBXFileReference; lastKnownFileType = sourcecode.swift; path = AppDelegate.swift; sourceTree = "<group>"; };
		A046734E1CC06444003160C0 /* CompanyViewController.swift */ = {isa = PBXFileReference; lastKnownFileType = sourcecode.swift; path = CompanyViewController.swift; sourceTree = "<group>"; };
		A04673531CC06444003160C0 /* Assets.xcassets */ = {isa = PBXFileReference; lastKnownFileType = folder.assetcatalog; path = Assets.xcassets; sourceTree = "<group>"; };
		A04673561CC06444003160C0 /* Base */ = {isa = PBXFileReference; lastKnownFileType = file.storyboard; name = Base; path = Base.lproj/LaunchScreen.storyboard; sourceTree = "<group>"; };
		A04673581CC06444003160C0 /* Info.plist */ = {isa = PBXFileReference; lastKnownFileType = text.plist.xml; path = Info.plist; sourceTree = "<group>"; };
		A046735D1CC06444003160C0 /* OnyoTests.xctest */ = {isa = PBXFileReference; explicitFileType = wrapper.cfbundle; includeInIndex = 0; path = OnyoTests.xctest; sourceTree = BUILT_PRODUCTS_DIR; };
		A04673611CC06444003160C0 /* OnyoTests.swift */ = {isa = PBXFileReference; lastKnownFileType = sourcecode.swift; path = OnyoTests.swift; sourceTree = "<group>"; };
		A04673631CC06444003160C0 /* Info.plist */ = {isa = PBXFileReference; lastKnownFileType = text.plist.xml; path = Info.plist; sourceTree = "<group>"; };
		A04673681CC06444003160C0 /* OnyoUITests.xctest */ = {isa = PBXFileReference; explicitFileType = wrapper.cfbundle; includeInIndex = 0; path = OnyoUITests.xctest; sourceTree = BUILT_PRODUCTS_DIR; };
		A046736C1CC06444003160C0 /* OnyoUITests.swift */ = {isa = PBXFileReference; lastKnownFileType = sourcecode.swift; path = OnyoUITests.swift; sourceTree = "<group>"; };
		A046736E1CC06444003160C0 /* Info.plist */ = {isa = PBXFileReference; lastKnownFileType = text.plist.xml; path = Info.plist; sourceTree = "<group>"; };
		A046737A1CC069D4003160C0 /* Model.swift */ = {isa = PBXFileReference; fileEncoding = 4; lastKnownFileType = sourcecode.swift; path = Model.swift; sourceTree = "<group>"; };
		A06DBFEC1CC1B2F500339F38 /* CompanyCell.swift */ = {isa = PBXFileReference; fileEncoding = 4; lastKnownFileType = sourcecode.swift; path = CompanyCell.swift; sourceTree = "<group>"; };
		A06DBFEE1CC1B32700339F38 /* CompanyCell.xib */ = {isa = PBXFileReference; fileEncoding = 4; lastKnownFileType = file.xib; path = CompanyCell.xib; sourceTree = "<group>"; };
		A06DBFF11CC1B3E200339F38 /* Base */ = {isa = PBXFileReference; lastKnownFileType = file.storyboard; name = Base; path = Base.lproj/Main.storyboard; sourceTree = "<group>"; };
		A06DBFF51CC1C11000339F38 /* BaseCollectionViewCell.swift */ = {isa = PBXFileReference; fileEncoding = 4; lastKnownFileType = sourcecode.swift; path = BaseCollectionViewCell.swift; sourceTree = "<group>"; };
		A0DB80881CC2CB4500E2F298 /* Connection.swift */ = {isa = PBXFileReference; fileEncoding = 4; lastKnownFileType = sourcecode.swift; path = Connection.swift; sourceTree = "<group>"; };
		A3C946ED7E09A9BACB0EBA8A /* Pods-Onyo.release.xcconfig */ = {isa = PBXFileReference; includeInIndex = 1; lastKnownFileType = text.xcconfig; name = "Pods-Onyo.release.xcconfig"; path = "Pods/Target Support Files/Pods-Onyo/Pods-Onyo.release.xcconfig"; sourceTree = "<group>"; };
/* End PBXFileReference section */

/* Begin PBXFrameworksBuildPhase section */
		A04673461CC06444003160C0 /* Frameworks */ = {
			isa = PBXFrameworksBuildPhase;
			buildActionMask = 2147483647;
			files = (
				4AD6E723FB3397A50CE605CC /* Pods_Onyo.framework in Frameworks */,
			);
			runOnlyForDeploymentPostprocessing = 0;
		};
		A046735A1CC06444003160C0 /* Frameworks */ = {
			isa = PBXFrameworksBuildPhase;
			buildActionMask = 2147483647;
			files = (
			);
			runOnlyForDeploymentPostprocessing = 0;
		};
		A04673651CC06444003160C0 /* Frameworks */ = {
			isa = PBXFrameworksBuildPhase;
			buildActionMask = 2147483647;
			files = (
			);
			runOnlyForDeploymentPostprocessing = 0;
		};
/* End PBXFrameworksBuildPhase section */

/* Begin PBXGroup section */
		27C480558BAEE8199D9BB376 /* Frameworks */ = {
			isa = PBXGroup;
			children = (
				54120AC2A2A2F21358A94081 /* Pods_Onyo.framework */,
			);
			name = Frameworks;
			sourceTree = "<group>";
		};
		A04673401CC06444003160C0 = {
			isa = PBXGroup;
			children = (
				A046734B1CC06444003160C0 /* Onyo */,
				A04673601CC06444003160C0 /* OnyoTests */,
				A046736B1CC06444003160C0 /* OnyoUITests */,
				A046734A1CC06444003160C0 /* Products */,
				DBD9BEFF3A7A36512244A4E6 /* Pods */,
				27C480558BAEE8199D9BB376 /* Frameworks */,
			);
			sourceTree = "<group>";
		};
		A046734A1CC06444003160C0 /* Products */ = {
			isa = PBXGroup;
			children = (
				A04673491CC06444003160C0 /* Onyo.app */,
				A046735D1CC06444003160C0 /* OnyoTests.xctest */,
				A04673681CC06444003160C0 /* OnyoUITests.xctest */,
			);
			name = Products;
			sourceTree = "<group>";
		};
		A046734B1CC06444003160C0 /* Onyo */ = {
			isa = PBXGroup;
			children = (
				A046734C1CC06444003160C0 /* AppDelegate.swift */,
				A046734E1CC06444003160C0 /* CompanyViewController.swift */,
				A06DBFF01CC1B3E200339F38 /* Main.storyboard */,
				A04673531CC06444003160C0 /* Assets.xcassets */,
				A04673551CC06444003160C0 /* LaunchScreen.storyboard */,
				A04673581CC06444003160C0 /* Info.plist */,
				A046737A1CC069D4003160C0 /* Model.swift */,
				A06DBFEC1CC1B2F500339F38 /* CompanyCell.swift */,
				A06DBFEE1CC1B32700339F38 /* CompanyCell.xib */,
				A06DBFF51CC1C11000339F38 /* BaseCollectionViewCell.swift */,
				A0DB80881CC2CB4500E2F298 /* Connection.swift */,
			);
			path = Onyo;
			sourceTree = "<group>";
		};
		A04673601CC06444003160C0 /* OnyoTests */ = {
			isa = PBXGroup;
			children = (
				A04673611CC06444003160C0 /* OnyoTests.swift */,
				A04673631CC06444003160C0 /* Info.plist */,
			);
			path = OnyoTests;
			sourceTree = "<group>";
		};
		A046736B1CC06444003160C0 /* OnyoUITests */ = {
			isa = PBXGroup;
			children = (
				A046736C1CC06444003160C0 /* OnyoUITests.swift */,
				A046736E1CC06444003160C0 /* Info.plist */,
			);
			path = OnyoUITests;
			sourceTree = "<group>";
		};
		DBD9BEFF3A7A36512244A4E6 /* Pods */ = {
			isa = PBXGroup;
			children = (
				66120686744C082F3E6A390F /* Pods-Onyo.debug.xcconfig */,
				A3C946ED7E09A9BACB0EBA8A /* Pods-Onyo.release.xcconfig */,
			);
			name = Pods;
			sourceTree = "<group>";
		};
/* End PBXGroup section */

/* Begin PBXNativeTarget section */
		A04673481CC06444003160C0 /* Onyo */ = {
			isa = PBXNativeTarget;
			buildConfigurationList = A04673711CC06444003160C0 /* Build configuration list for PBXNativeTarget "Onyo" */;
			buildPhases = (
				22B78D3841F0F16AD0E168E0 /* Check Pods Manifest.lock */,
				A04673451CC06444003160C0 /* Sources */,
				A04673461CC06444003160C0 /* Frameworks */,
				A04673471CC06444003160C0 /* Resources */,
				2C842D9DD0178603DA795B09 /* Embed Pods Frameworks */,
				72006FE31D93903EC7728BA3 /* Copy Pods Resources */,
			);
			buildRules = (
			);
			dependencies = (
			);
			name = Onyo;
			productName = Onyo;
			productReference = A04673491CC06444003160C0 /* Onyo.app */;
			productType = "com.apple.product-type.application";
		};
		A046735C1CC06444003160C0 /* OnyoTests */ = {
			isa = PBXNativeTarget;
			buildConfigurationList = A04673741CC06444003160C0 /* Build configuration list for PBXNativeTarget "OnyoTests" */;
			buildPhases = (
				A04673591CC06444003160C0 /* Sources */,
				A046735A1CC06444003160C0 /* Frameworks */,
				A046735B1CC06444003160C0 /* Resources */,
			);
			buildRules = (
			);
			dependencies = (
				A046735F1CC06444003160C0 /* PBXTargetDependency */,
			);
			name = OnyoTests;
			productName = OnyoTests;
			productReference = A046735D1CC06444003160C0 /* OnyoTests.xctest */;
			productType = "com.apple.product-type.bundle.unit-test";
		};
		A04673671CC06444003160C0 /* OnyoUITests */ = {
			isa = PBXNativeTarget;
			buildConfigurationList = A04673771CC06444003160C0 /* Build configuration list for PBXNativeTarget "OnyoUITests" */;
			buildPhases = (
				A04673641CC06444003160C0 /* Sources */,
				A04673651CC06444003160C0 /* Frameworks */,
				A04673661CC06444003160C0 /* Resources */,
			);
			buildRules = (
			);
			dependencies = (
				A046736A1CC06444003160C0 /* PBXTargetDependency */,
			);
			name = OnyoUITests;
			productName = OnyoUITests;
			productReference = A04673681CC06444003160C0 /* OnyoUITests.xctest */;
			productType = "com.apple.product-type.bundle.ui-testing";
		};
/* End PBXNativeTarget section */

/* Begin PBXProject section */
		A04673411CC06444003160C0 /* Project object */ = {
			isa = PBXProject;
			attributes = {
				LastSwiftUpdateCheck = 0730;
				LastUpgradeCheck = 0730;
				ORGANIZATIONNAME = "Lucas Cypriano";
				TargetAttributes = {
					A04673481CC06444003160C0 = {
						CreatedOnToolsVersion = 7.3;
						DevelopmentTeam = YKJ8ZPE2LR;
					};
					A046735C1CC06444003160C0 = {
						CreatedOnToolsVersion = 7.3;
						TestTargetID = A04673481CC06444003160C0;
					};
					A04673671CC06444003160C0 = {
						CreatedOnToolsVersion = 7.3;
						TestTargetID = A04673481CC06444003160C0;
					};
				};
			};
			buildConfigurationList = A04673441CC06444003160C0 /* Build configuration list for PBXProject "Onyo" */;
			compatibilityVersion = "Xcode 3.2";
			developmentRegion = English;
			hasScannedForEncodings = 0;
			knownRegions = (
				en,
				Base,
			);
			mainGroup = A04673401CC06444003160C0;
			productRefGroup = A046734A1CC06444003160C0 /* Products */;
			projectDirPath = "";
			projectRoot = "";
			targets = (
				A04673481CC06444003160C0 /* Onyo */,
				A046735C1CC06444003160C0 /* OnyoTests */,
				A04673671CC06444003160C0 /* OnyoUITests */,
			);
		};
/* End PBXProject section */

/* Begin PBXResourcesBuildPhase section */
		A04673471CC06444003160C0 /* Resources */ = {
			isa = PBXResourcesBuildPhase;
			buildActionMask = 2147483647;
			files = (
				A04673571CC06444003160C0 /* LaunchScreen.storyboard in Resources */,
				A04673541CC06444003160C0 /* Assets.xcassets in Resources */,
				A06DBFEF1CC1B32700339F38 /* CompanyCell.xib in Resources */,
				A06DBFF21CC1B3E200339F38 /* Main.storyboard in Resources */,
			);
			runOnlyForDeploymentPostprocessing = 0;
		};
		A046735B1CC06444003160C0 /* Resources */ = {
			isa = PBXResourcesBuildPhase;
			buildActionMask = 2147483647;
			files = (
			);
			runOnlyForDeploymentPostprocessing = 0;
		};
		A04673661CC06444003160C0 /* Resources */ = {
			isa = PBXResourcesBuildPhase;
			buildActionMask = 2147483647;
			files = (
			);
			runOnlyForDeploymentPostprocessing = 0;
		};
/* End PBXResourcesBuildPhase section */

/* Begin PBXShellScriptBuildPhase section */
		22B78D3841F0F16AD0E168E0 /* Check Pods Manifest.lock */ = {
			isa = PBXShellScriptBuildPhase;
			buildActionMask = 2147483647;
			files = (
			);
			inputPaths = (
			);
			name = "Check Pods Manifest.lock";
			outputPaths = (
			);
			runOnlyForDeploymentPostprocessing = 0;
			shellPath = /bin/sh;
			shellScript = "diff \"${PODS_ROOT}/../Podfile.lock\" \"${PODS_ROOT}/Manifest.lock\" > /dev/null\nif [[ $? != 0 ]] ; then\n    cat << EOM\nerror: The sandbox is not in sync with the Podfile.lock. Run 'pod install' or update your CocoaPods installation.\nEOM\n    exit 1\nfi\n";
			showEnvVarsInLog = 0;
		};
		2C842D9DD0178603DA795B09 /* Embed Pods Frameworks */ = {
			isa = PBXShellScriptBuildPhase;
			buildActionMask = 2147483647;
			files = (
			);
			inputPaths = (
			);
			name = "Embed Pods Frameworks";
			outputPaths = (
			);
			runOnlyForDeploymentPostprocessing = 0;
			shellPath = /bin/sh;
			shellScript = "\"${SRCROOT}/Pods/Target Support Files/Pods-Onyo/Pods-Onyo-frameworks.sh\"\n";
			showEnvVarsInLog = 0;
		};
		72006FE31D93903EC7728BA3 /* Copy Pods Resources */ = {
			isa = PBXShellScriptBuildPhase;
			buildActionMask = 2147483647;
			files = (
			);
			inputPaths = (
			);
			name = "Copy Pods Resources";
			outputPaths = (
			);
			runOnlyForDeploymentPostprocessing = 0;
			shellPath = /bin/sh;
			shellScript = "\"${SRCROOT}/Pods/Target Support Files/Pods-Onyo/Pods-Onyo-resources.sh\"\n";
			showEnvVarsInLog = 0;
		};
/* End PBXShellScriptBuildPhase section */

/* Begin PBXSourcesBuildPhase section */
		A04673451CC06444003160C0 /* Sources */ = {
			isa = PBXSourcesBuildPhase;
			buildActionMask = 2147483647;
			files = (
				A06DBFF61CC1C11000339F38 /* BaseCollectionViewCell.swift in Sources */,
				A0DB80891CC2CB4500E2F298 /* Connection.swift in Sources */,
				A06DBFED1CC1B2F500339F38 /* CompanyCell.swift in Sources */,
				A046737B1CC069D4003160C0 /* Model.swift in Sources */,
				A046734F1CC06444003160C0 /* CompanyViewController.swift in Sources */,
				A046734D1CC06444003160C0 /* AppDelegate.swift in Sources */,
			);
			runOnlyForDeploymentPostprocessing = 0;
		};
		A04673591CC06444003160C0 /* Sources */ = {
			isa = PBXSourcesBuildPhase;
			buildActionMask = 2147483647;
			files = (
				A04673621CC06444003160C0 /* OnyoTests.swift in Sources */,
			);
			runOnlyForDeploymentPostprocessing = 0;
		};
		A04673641CC06444003160C0 /* Sources */ = {
			isa = PBXSourcesBuildPhase;
			buildActionMask = 2147483647;
			files = (
				A046736D1CC06444003160C0 /* OnyoUITests.swift in Sources */,
			);
			runOnlyForDeploymentPostprocessing = 0;
		};
/* End PBXSourcesBuildPhase section */

/* Begin PBXTargetDependency section */
		A046735F1CC06444003160C0 /* PBXTargetDependency */ = {
			isa = PBXTargetDependency;
			target = A04673481CC06444003160C0 /* Onyo */;
			targetProxy = A046735E1CC06444003160C0 /* PBXContainerItemProxy */;
		};
		A046736A1CC06444003160C0 /* PBXTargetDependency */ = {
			isa = PBXTargetDependency;
			target = A04673481CC06444003160C0 /* Onyo */;
			targetProxy = A04673691CC06444003160C0 /* PBXContainerItemProxy */;
		};
/* End PBXTargetDependency section */

/* Begin PBXVariantGroup section */
		A04673551CC06444003160C0 /* LaunchScreen.storyboard */ = {
			isa = PBXVariantGroup;
			children = (
				A04673561CC06444003160C0 /* Base */,
			);
			name = LaunchScreen.storyboard;
			sourceTree = "<group>";
		};
		A06DBFF01CC1B3E200339F38 /* Main.storyboard */ = {
			isa = PBXVariantGroup;
			children = (
				A06DBFF11CC1B3E200339F38 /* Base */,
			);
			name = Main.storyboard;
			sourceTree = "<group>";
		};
/* End PBXVariantGroup section */

/* Begin XCBuildConfiguration section */
		A046736F1CC06444003160C0 /* Debug */ = {
			isa = XCBuildConfiguration;
			buildSettings = {
				ALWAYS_SEARCH_USER_PATHS = NO;
				CLANG_ANALYZER_NONNULL = YES;
				CLANG_CXX_LANGUAGE_STANDARD = "gnu++0x";
				CLANG_CXX_LIBRARY = "libc++";
				CLANG_ENABLE_MODULES = YES;
				CLANG_ENABLE_OBJC_ARC = YES;
				CLANG_WARN_BOOL_CONVERSION = YES;
				CLANG_WARN_CONSTANT_CONVERSION = YES;
				CLANG_WARN_DIRECT_OBJC_ISA_USAGE = YES_ERROR;
				CLANG_WARN_EMPTY_BODY = YES;
				CLANG_WARN_ENUM_CONVERSION = YES;
				CLANG_WARN_INT_CONVERSION = YES;
				CLANG_WARN_OBJC_ROOT_CLASS = YES_ERROR;
				CLANG_WARN_UNREACHABLE_CODE = YES;
				CLANG_WARN__DUPLICATE_METHOD_MATCH = YES;
				"CODE_SIGN_IDENTITY[sdk=iphoneos*]" = "iPhone Developer";
				COPY_PHASE_STRIP = NO;
				DEBUG_INFORMATION_FORMAT = dwarf;
				ENABLE_STRICT_OBJC_MSGSEND = YES;
				ENABLE_TESTABILITY = YES;
				GCC_C_LANGUAGE_STANDARD = gnu99;
				GCC_DYNAMIC_NO_PIC = NO;
				GCC_NO_COMMON_BLOCKS = YES;
				GCC_OPTIMIZATION_LEVEL = 0;
				GCC_PREPROCESSOR_DEFINITIONS = (
					"DEBUG=1",
					"$(inherited)",
				);
				GCC_WARN_64_TO_32_BIT_CONVERSION = YES;
				GCC_WARN_ABOUT_RETURN_TYPE = YES_ERROR;
				GCC_WARN_UNDECLARED_SELECTOR = YES;
				GCC_WARN_UNINITIALIZED_AUTOS = YES_AGGRESSIVE;
				GCC_WARN_UNUSED_FUNCTION = YES;
				GCC_WARN_UNUSED_VARIABLE = YES;
				IPHONEOS_DEPLOYMENT_TARGET = 9.3;
				MTL_ENABLE_DEBUG_INFO = YES;
				ONLY_ACTIVE_ARCH = YES;
				SDKROOT = iphoneos;
				SWIFT_OPTIMIZATION_LEVEL = "-Onone";
				TARGETED_DEVICE_FAMILY = "1,2";
			};
			name = Debug;
		};
		A04673701CC06444003160C0 /* Release */ = {
			isa = XCBuildConfiguration;
			buildSettings = {
				ALWAYS_SEARCH_USER_PATHS = NO;
				CLANG_ANALYZER_NONNULL = YES;
				CLANG_CXX_LANGUAGE_STANDARD = "gnu++0x";
				CLANG_CXX_LIBRARY = "libc++";
				CLANG_ENABLE_MODULES = YES;
				CLANG_ENABLE_OBJC_ARC = YES;
				CLANG_WARN_BOOL_CONVERSION = YES;
				CLANG_WARN_CONSTANT_CONVERSION = YES;
				CLANG_WARN_DIRECT_OBJC_ISA_USAGE = YES_ERROR;
				CLANG_WARN_EMPTY_BODY = YES;
				CLANG_WARN_ENUM_CONVERSION = YES;
				CLANG_WARN_INT_CONVERSION = YES;
				CLANG_WARN_OBJC_ROOT_CLASS = YES_ERROR;
				CLANG_WARN_UNREACHABLE_CODE = YES;
				CLANG_WARN__DUPLICATE_METHOD_MATCH = YES;
				"CODE_SIGN_IDENTITY[sdk=iphoneos*]" = "iPhone Developer";
				COPY_PHASE_STRIP = NO;
				DEBUG_INFORMATION_FORMAT = "dwarf-with-dsym";
				ENABLE_NS_ASSERTIONS = NO;
				ENABLE_STRICT_OBJC_MSGSEND = YES;
				GCC_C_LANGUAGE_STANDARD = gnu99;
				GCC_NO_COMMON_BLOCKS = YES;
				GCC_WARN_64_TO_32_BIT_CONVERSION = YES;
				GCC_WARN_ABOUT_RETURN_TYPE = YES_ERROR;
				GCC_WARN_UNDECLARED_SELECTOR = YES;
				GCC_WARN_UNINITIALIZED_AUTOS = YES_AGGRESSIVE;
				GCC_WARN_UNUSED_FUNCTION = YES;
				GCC_WARN_UNUSED_VARIABLE = YES;
				IPHONEOS_DEPLOYMENT_TARGET = 9.3;
				MTL_ENABLE_DEBUG_INFO = NO;
				SDKROOT = iphoneos;
				TARGETED_DEVICE_FAMILY = "1,2";
				VALIDATE_PRODUCT = YES;
			};
			name = Release;
		};
		A04673721CC06444003160C0 /* Debug */ = {
			isa = XCBuildConfiguration;
			baseConfigurationReference = 66120686744C082F3E6A390F /* Pods-Onyo.debug.xcconfig */;
			buildSettings = {
				ASSETCATALOG_COMPILER_APPICON_NAME = AppIcon;
				CODE_SIGN_IDENTITY = "iPhone Developer";
				INFOPLIST_FILE = Onyo/Info.plist;
				IPHONEOS_DEPLOYMENT_TARGET = 8.0;
				LD_RUNPATH_SEARCH_PATHS = "$(inherited) @executable_path/Frameworks";
				PRODUCT_BUNDLE_IDENTIFIER = LC.Onyo;
				PRODUCT_NAME = "$(TARGET_NAME)";
			};
			name = Debug;
		};
		A04673731CC06444003160C0 /* Release */ = {
			isa = XCBuildConfiguration;
			baseConfigurationReference = A3C946ED7E09A9BACB0EBA8A /* Pods-Onyo.release.xcconfig */;
			buildSettings = {
				ASSETCATALOG_COMPILER_APPICON_NAME = AppIcon;
				CODE_SIGN_IDENTITY = "iPhone Developer";
				INFOPLIST_FILE = Onyo/Info.plist;
				IPHONEOS_DEPLOYMENT_TARGET = 8.0;
				LD_RUNPATH_SEARCH_PATHS = "$(inherited) @executable_path/Frameworks";
				PRODUCT_BUNDLE_IDENTIFIER = LC.Onyo;
				PRODUCT_NAME = "$(TARGET_NAME)";
			};
			name = Release;
		};
		A04673751CC06444003160C0 /* Debug */ = {
			isa = XCBuildConfiguration;
			buildSettings = {
				BUNDLE_LOADER = "$(TEST_HOST)";
				INFOPLIST_FILE = OnyoTests/Info.plist;
				LD_RUNPATH_SEARCH_PATHS = "$(inherited) @executable_path/Frameworks @loader_path/Frameworks";
				PRODUCT_BUNDLE_IDENTIFIER = LC.OnyoTests;
				PRODUCT_NAME = "$(TARGET_NAME)";
				TEST_HOST = "$(BUILT_PRODUCTS_DIR)/Onyo.app/Onyo";
			};
			name = Debug;
		};
		A04673761CC06444003160C0 /* Release */ = {
			isa = XCBuildConfiguration;
			buildSettings = {
				BUNDLE_LOADER = "$(TEST_HOST)";
				INFOPLIST_FILE = OnyoTests/Info.plist;
				LD_RUNPATH_SEARCH_PATHS = "$(inherited) @executable_path/Frameworks @loader_path/Frameworks";
				PRODUCT_BUNDLE_IDENTIFIER = LC.OnyoTests;
				PRODUCT_NAME = "$(TARGET_NAME)";
				TEST_HOST = "$(BUILT_PRODUCTS_DIR)/Onyo.app/Onyo";
			};
			name = Release;
		};
		A04673781CC06444003160C0 /* Debug */ = {
			isa = XCBuildConfiguration;
			buildSettings = {
				INFOPLIST_FILE = OnyoUITests/Info.plist;
				LD_RUNPATH_SEARCH_PATHS = "$(inherited) @executable_path/Frameworks @loader_path/Frameworks";
				PRODUCT_BUNDLE_IDENTIFIER = LC.OnyoUITests;
				PRODUCT_NAME = "$(TARGET_NAME)";
				TEST_TARGET_NAME = Onyo;
			};
			name = Debug;
		};
		A04673791CC06444003160C0 /* Release */ = {
			isa = XCBuildConfiguration;
			buildSettings = {
				INFOPLIST_FILE = OnyoUITests/Info.plist;
				LD_RUNPATH_SEARCH_PATHS = "$(inherited) @executable_path/Frameworks @loader_path/Frameworks";
				PRODUCT_BUNDLE_IDENTIFIER = LC.OnyoUITests;
				PRODUCT_NAME = "$(TARGET_NAME)";
				TEST_TARGET_NAME = Onyo;
			};
			name = Release;
		};
/* End XCBuildConfiguration section */

/* Begin XCConfigurationList section */
		A04673441CC06444003160C0 /* Build configuration list for PBXProject "Onyo" */ = {
			isa = XCConfigurationList;
			buildConfigurations = (
				A046736F1CC06444003160C0 /* Debug */,
				A04673701CC06444003160C0 /* Release */,
			);
			defaultConfigurationIsVisible = 0;
			defaultConfigurationName = Release;
		};
		A04673711CC06444003160C0 /* Build configuration list for PBXNativeTarget "Onyo" */ = {
			isa = XCConfigurationList;
			buildConfigurations = (
				A04673721CC06444003160C0 /* Debug */,
				A04673731CC06444003160C0 /* Release */,
			);
			defaultConfigurationIsVisible = 0;
			defaultConfigurationName = Release;
		};
		A04673741CC06444003160C0 /* Build configuration list for PBXNativeTarget "OnyoTests" */ = {
			isa = XCConfigurationList;
			buildConfigurations = (
				A04673751CC06444003160C0 /* Debug */,
				A04673761CC06444003160C0 /* Release */,
			);
			defaultConfigurationIsVisible = 0;
			defaultConfigurationName = Release;
		};
		A04673771CC06444003160C0 /* Build configuration list for PBXNativeTarget "OnyoUITests" */ = {
			isa = XCConfigurationList;
			buildConfigurations = (
				A04673781CC06444003160C0 /* Debug */,
				A04673791CC06444003160C0 /* Release */,
			);
			defaultConfigurationIsVisible = 0;
			defaultConfigurationName = Release;
		};
/* End XCConfigurationList section */
	};
	rootObject = A04673411CC06444003160C0 /* Project object */;
}
