// !$*UTF8*$!
{
	archiveVersion = 1;
	classes = {
	};
	objectVersion = 46;
	objects = {

/* Begin PBXBuildFile section */
		50CDBFF3A021AF6C33C0D6D1 /* Pods_ios_challenge.framework in Frameworks */ = {isa = PBXBuildFile; fileRef = 726EBF7422744B7EEB5F347D /* Pods_ios_challenge.framework */; };
		6A1829EB1BEA4E5D00972EA4 /* CompanyViewControllerSpec.swift in Sources */ = {isa = PBXBuildFile; fileRef = 6A1829EA1BEA4E5D00972EA4 /* CompanyViewControllerSpec.swift */; };
		6A4781BC1BEAC24500F0AECB /* CompanyUITests.swift in Sources */ = {isa = PBXBuildFile; fileRef = 6A4781BB1BEAC24500F0AECB /* CompanyUITests.swift */; };
		6A8912AA1BEA3AA60019A95A /* NSDate.swift in Sources */ = {isa = PBXBuildFile; fileRef = 6A8912A91BEA3AA60019A95A /* NSDate.swift */; };
		6A8912AD1BEA3B830019A95A /* CompanyCell.swift in Sources */ = {isa = PBXBuildFile; fileRef = 6A8912AC1BEA3B830019A95A /* CompanyCell.swift */; };
		6A8EC8C31BE4F741007E32ED /* AppDelegate.swift in Sources */ = {isa = PBXBuildFile; fileRef = 6A8EC8C21BE4F741007E32ED /* AppDelegate.swift */; };
		6A8EC8C81BE4F741007E32ED /* Main.storyboard in Resources */ = {isa = PBXBuildFile; fileRef = 6A8EC8C61BE4F741007E32ED /* Main.storyboard */; };
		6A8EC8CA1BE4F741007E32ED /* Assets.xcassets in Resources */ = {isa = PBXBuildFile; fileRef = 6A8EC8C91BE4F741007E32ED /* Assets.xcassets */; };
		6A8EC8CD1BE4F741007E32ED /* LaunchScreen.storyboard in Resources */ = {isa = PBXBuildFile; fileRef = 6A8EC8CB1BE4F741007E32ED /* LaunchScreen.storyboard */; };
		6AA4E93C1BE6493900FF6E14 /* CompanyViewController.swift in Sources */ = {isa = PBXBuildFile; fileRef = 6AA4E93B1BE6493900FF6E14 /* CompanyViewController.swift */; };
		6AA4E93E1BE6497300FF6E14 /* CategoryViewController.swift in Sources */ = {isa = PBXBuildFile; fileRef = 6AA4E93D1BE6497300FF6E14 /* CategoryViewController.swift */; };
		6AA4E9411BE64BD200FF6E14 /* UIColor.swift in Sources */ = {isa = PBXBuildFile; fileRef = 6AA4E9401BE64BD200FF6E14 /* UIColor.swift */; };
		6AA4E9431BE64E5C00FF6E14 /* UIImage.swift in Sources */ = {isa = PBXBuildFile; fileRef = 6AA4E9421BE64E5C00FF6E14 /* UIImage.swift */; };
		6AA4E9461BE656EC00FF6E14 /* Company.swift in Sources */ = {isa = PBXBuildFile; fileRef = 6AA4E9451BE656EC00FF6E14 /* Company.swift */; };
		6AA4E9481BE6596500FF6E14 /* Image.swift in Sources */ = {isa = PBXBuildFile; fileRef = 6AA4E9471BE6596500FF6E14 /* Image.swift */; };
		6AA4E94A1BEA0D2A00FF6E14 /* Categories.swift in Sources */ = {isa = PBXBuildFile; fileRef = 6AA4E9491BEA0D2A00FF6E14 /* Categories.swift */; };
		6AA4E94D1BEA0E2C00FF6E14 /* CompanySpec.swift in Sources */ = {isa = PBXBuildFile; fileRef = 6AA4E94C1BEA0E2C00FF6E14 /* CompanySpec.swift */; };
		6AA4E9521BEA148300FF6E14 /* CategorySpec.swift in Sources */ = {isa = PBXBuildFile; fileRef = 6AA4E9511BEA148300FF6E14 /* CategorySpec.swift */; };
		6AA4E9541BEA169800FF6E14 /* ImageSpec.swift in Sources */ = {isa = PBXBuildFile; fileRef = 6AA4E9531BEA169800FF6E14 /* ImageSpec.swift */; };
		6AA4E9561BEA176300FF6E14 /* OnyoApiExtension.swift in Sources */ = {isa = PBXBuildFile; fileRef = 6AA4E9551BEA176300FF6E14 /* OnyoApiExtension.swift */; };
		6AA4E9591BEA179900FF6E14 /* OnyoApi.swift in Sources */ = {isa = PBXBuildFile; fileRef = 6AA4E9581BEA179900FF6E14 /* OnyoApi.swift */; };
		6AA4E95B1BEA1AB600FF6E14 /* ApiResponse.swift in Sources */ = {isa = PBXBuildFile; fileRef = 6AA4E95A1BEA1AB600FF6E14 /* ApiResponse.swift */; };
		6AA4E95D1BEA1C6800FF6E14 /* CompanyApi.swift in Sources */ = {isa = PBXBuildFile; fileRef = 6AA4E95C1BEA1C6800FF6E14 /* CompanyApi.swift */; };
		6AA4E9601BEA1DF200FF6E14 /* CompanyApiSpec.swift in Sources */ = {isa = PBXBuildFile; fileRef = 6AA4E95F1BEA1DF200FF6E14 /* CompanyApiSpec.swift */; };
		6AA654191BF4B65D00852BC8 /* CategoryCollectionController.swift in Sources */ = {isa = PBXBuildFile; fileRef = 6AA654181BF4B65D00852BC8 /* CategoryCollectionController.swift */; };
		6AA6541B1BF4B69B00852BC8 /* CompanyTableController.swift in Sources */ = {isa = PBXBuildFile; fileRef = 6AA6541A1BF4B69B00852BC8 /* CompanyTableController.swift */; };
		6AD622A21BEA6D64008B794A /* Segue.swift in Sources */ = {isa = PBXBuildFile; fileRef = 6AD622A11BEA6D64008B794A /* Segue.swift */; };
		6AD622A41BEA6F14008B794A /* CategoryViewModel.swift in Sources */ = {isa = PBXBuildFile; fileRef = 6AD622A31BEA6F14008B794A /* CategoryViewModel.swift */; };
		6AD622AA1BEA8D92008B794A /* OnyoTabBarController.swift in Sources */ = {isa = PBXBuildFile; fileRef = 6AD622A91BEA8D92008B794A /* OnyoTabBarController.swift */; };
		6AD622AC1BEA9276008B794A /* CategoryCell.swift in Sources */ = {isa = PBXBuildFile; fileRef = 6AD622AB1BEA9276008B794A /* CategoryCell.swift */; };
		6AEE2F881BEACEDA00588368 /* CategoriesUITests.swift in Sources */ = {isa = PBXBuildFile; fileRef = 6AEE2F871BEACEDA00588368 /* CategoriesUITests.swift */; };
		6AEE2F8A1BEACF6400588368 /* CategoriesViewControllerSpec.swift in Sources */ = {isa = PBXBuildFile; fileRef = 6AEE2F891BEACF6400588368 /* CategoriesViewControllerSpec.swift */; };
		6AF3FBBD1BEA2A69002D60E0 /* Header.swift in Sources */ = {isa = PBXBuildFile; fileRef = 6AF3FBBC1BEA2A69002D60E0 /* Header.swift */; };
		6AF3FBC01BEA3262002D60E0 /* CompanyViewModel.swift in Sources */ = {isa = PBXBuildFile; fileRef = 6AF3FBBF1BEA3262002D60E0 /* CompanyViewModel.swift */; };
		EEE881C1165472D3CA7D7166 /* Pods_ios_challengeTests.framework in Frameworks */ = {isa = PBXBuildFile; fileRef = 3215FCCB09B238A9B2A52274 /* Pods_ios_challengeTests.framework */; };
/* End PBXBuildFile section */

/* Begin PBXContainerItemProxy section */
		6A4781BE1BEAC24500F0AECB /* PBXContainerItemProxy */ = {
			isa = PBXContainerItemProxy;
			containerPortal = 6A8EC8B71BE4F741007E32ED /* Project object */;
			proxyType = 1;
			remoteGlobalIDString = 6A8EC8BE1BE4F741007E32ED;
			remoteInfo = "ios-challenge";
		};
		6A8EC8D41BE4F742007E32ED /* PBXContainerItemProxy */ = {
			isa = PBXContainerItemProxy;
			containerPortal = 6A8EC8B71BE4F741007E32ED /* Project object */;
			proxyType = 1;
			remoteGlobalIDString = 6A8EC8BE1BE4F741007E32ED;
			remoteInfo = "ios-challenge";
		};
/* End PBXContainerItemProxy section */

/* Begin PBXFileReference section */
		2B9E2739F1D06000E6AD3D62 /* Pods-ios-challenge.release.xcconfig */ = {isa = PBXFileReference; includeInIndex = 1; lastKnownFileType = text.xcconfig; name = "Pods-ios-challenge.release.xcconfig"; path = "Pods/Target Support Files/Pods-ios-challenge/Pods-ios-challenge.release.xcconfig"; sourceTree = "<group>"; };
		3215FCCB09B238A9B2A52274 /* Pods_ios_challengeTests.framework */ = {isa = PBXFileReference; explicitFileType = wrapper.framework; includeInIndex = 0; path = Pods_ios_challengeTests.framework; sourceTree = BUILT_PRODUCTS_DIR; };
		3CEA69603FC3BA286C271F39 /* Pods-ios-challengeTests.release.xcconfig */ = {isa = PBXFileReference; includeInIndex = 1; lastKnownFileType = text.xcconfig; name = "Pods-ios-challengeTests.release.xcconfig"; path = "Pods/Target Support Files/Pods-ios-challengeTests/Pods-ios-challengeTests.release.xcconfig"; sourceTree = "<group>"; };
		6A1829EA1BEA4E5D00972EA4 /* CompanyViewControllerSpec.swift */ = {isa = PBXFileReference; fileEncoding = 4; lastKnownFileType = sourcecode.swift; name = CompanyViewControllerSpec.swift; path = Controllers/CompanyViewControllerSpec.swift; sourceTree = "<group>"; };
		6A4781B91BEAC24500F0AECB /* ios-challengeUITests.xctest */ = {isa = PBXFileReference; explicitFileType = wrapper.cfbundle; includeInIndex = 0; path = "ios-challengeUITests.xctest"; sourceTree = BUILT_PRODUCTS_DIR; };
		6A4781BB1BEAC24500F0AECB /* CompanyUITests.swift */ = {isa = PBXFileReference; lastKnownFileType = sourcecode.swift; path = CompanyUITests.swift; sourceTree = "<group>"; };
		6A4781BD1BEAC24500F0AECB /* Info.plist */ = {isa = PBXFileReference; lastKnownFileType = text.plist.xml; path = Info.plist; sourceTree = "<group>"; };
		6A8912A91BEA3AA60019A95A /* NSDate.swift */ = {isa = PBXFileReference; fileEncoding = 4; lastKnownFileType = sourcecode.swift; name = NSDate.swift; path = Extensions/NSDate.swift; sourceTree = "<group>"; };
		6A8912AC1BEA3B830019A95A /* CompanyCell.swift */ = {isa = PBXFileReference; fileEncoding = 4; lastKnownFileType = sourcecode.swift; name = CompanyCell.swift; path = Views/CompanyCell.swift; sourceTree = "<group>"; };
		6A8EC8BF1BE4F741007E32ED /* ios-challenge.app */ = {isa = PBXFileReference; explicitFileType = wrapper.application; includeInIndex = 0; path = "ios-challenge.app"; sourceTree = BUILT_PRODUCTS_DIR; };
		6A8EC8C21BE4F741007E32ED /* AppDelegate.swift */ = {isa = PBXFileReference; lastKnownFileType = sourcecode.swift; path = AppDelegate.swift; sourceTree = "<group>"; };
		6A8EC8C71BE4F741007E32ED /* Base */ = {isa = PBXFileReference; lastKnownFileType = file.storyboard; name = Base; path = Base.lproj/Main.storyboard; sourceTree = "<group>"; };
		6A8EC8C91BE4F741007E32ED /* Assets.xcassets */ = {isa = PBXFileReference; lastKnownFileType = folder.assetcatalog; path = Assets.xcassets; sourceTree = "<group>"; };
		6A8EC8CC1BE4F741007E32ED /* Base */ = {isa = PBXFileReference; lastKnownFileType = file.storyboard; name = Base; path = Base.lproj/LaunchScreen.storyboard; sourceTree = "<group>"; };
		6A8EC8CE1BE4F741007E32ED /* Info.plist */ = {isa = PBXFileReference; lastKnownFileType = text.plist.xml; path = Info.plist; sourceTree = "<group>"; };
		6A8EC8D31BE4F742007E32ED /* ios-challengeTests.xctest */ = {isa = PBXFileReference; explicitFileType = wrapper.cfbundle; includeInIndex = 0; path = "ios-challengeTests.xctest"; sourceTree = BUILT_PRODUCTS_DIR; };
		6A8EC8D91BE4F742007E32ED /* Info.plist */ = {isa = PBXFileReference; lastKnownFileType = text.plist.xml; path = Info.plist; sourceTree = "<group>"; };
		6AA4E93B1BE6493900FF6E14 /* CompanyViewController.swift */ = {isa = PBXFileReference; fileEncoding = 4; lastKnownFileType = sourcecode.swift; name = CompanyViewController.swift; path = ViewControllers/CompanyViewController.swift; sourceTree = "<group>"; };
		6AA4E93D1BE6497300FF6E14 /* CategoryViewController.swift */ = {isa = PBXFileReference; fileEncoding = 4; lastKnownFileType = sourcecode.swift; name = CategoryViewController.swift; path = ViewControllers/CategoryViewController.swift; sourceTree = "<group>"; };
		6AA4E9401BE64BD200FF6E14 /* UIColor.swift */ = {isa = PBXFileReference; fileEncoding = 4; lastKnownFileType = sourcecode.swift; name = UIColor.swift; path = Extensions/UIColor.swift; sourceTree = "<group>"; };
		6AA4E9421BE64E5C00FF6E14 /* UIImage.swift */ = {isa = PBXFileReference; fileEncoding = 4; lastKnownFileType = sourcecode.swift; name = UIImage.swift; path = Extensions/UIImage.swift; sourceTree = "<group>"; };
		6AA4E9451BE656EC00FF6E14 /* Company.swift */ = {isa = PBXFileReference; fileEncoding = 4; lastKnownFileType = sourcecode.swift; name = Company.swift; path = Models/Company.swift; sourceTree = "<group>"; };
		6AA4E9471BE6596500FF6E14 /* Image.swift */ = {isa = PBXFileReference; fileEncoding = 4; lastKnownFileType = sourcecode.swift; name = Image.swift; path = Models/Image.swift; sourceTree = "<group>"; };
		6AA4E9491BEA0D2A00FF6E14 /* Categories.swift */ = {isa = PBXFileReference; fileEncoding = 4; lastKnownFileType = sourcecode.swift; name = Categories.swift; path = Models/Categories.swift; sourceTree = "<group>"; };
		6AA4E94C1BEA0E2C00FF6E14 /* CompanySpec.swift */ = {isa = PBXFileReference; fileEncoding = 4; lastKnownFileType = sourcecode.swift; name = CompanySpec.swift; path = Models/CompanySpec.swift; sourceTree = "<group>"; };
		6AA4E9511BEA148300FF6E14 /* CategorySpec.swift */ = {isa = PBXFileReference; fileEncoding = 4; lastKnownFileType = sourcecode.swift; name = CategorySpec.swift; path = Models/CategorySpec.swift; sourceTree = "<group>"; };
		6AA4E9531BEA169800FF6E14 /* ImageSpec.swift */ = {isa = PBXFileReference; fileEncoding = 4; lastKnownFileType = sourcecode.swift; name = ImageSpec.swift; path = Models/ImageSpec.swift; sourceTree = "<group>"; };
		6AA4E9551BEA176300FF6E14 /* OnyoApiExtension.swift */ = {isa = PBXFileReference; fileEncoding = 4; lastKnownFileType = sourcecode.swift; name = OnyoApiExtension.swift; path = Extensions/OnyoApiExtension.swift; sourceTree = "<group>"; };
		6AA4E9581BEA179900FF6E14 /* OnyoApi.swift */ = {isa = PBXFileReference; fileEncoding = 4; lastKnownFileType = sourcecode.swift; name = OnyoApi.swift; path = Api/OnyoApi.swift; sourceTree = "<group>"; };
		6AA4E95A1BEA1AB600FF6E14 /* ApiResponse.swift */ = {isa = PBXFileReference; fileEncoding = 4; lastKnownFileType = sourcecode.swift; name = ApiResponse.swift; path = Extensions/ApiResponse.swift; sourceTree = "<group>"; };
		6AA4E95C1BEA1C6800FF6E14 /* CompanyApi.swift */ = {isa = PBXFileReference; fileEncoding = 4; lastKnownFileType = sourcecode.swift; name = CompanyApi.swift; path = Api/CompanyApi.swift; sourceTree = "<group>"; };
		6AA4E95F1BEA1DF200FF6E14 /* CompanyApiSpec.swift */ = {isa = PBXFileReference; fileEncoding = 4; lastKnownFileType = sourcecode.swift; name = CompanyApiSpec.swift; path = Api/CompanyApiSpec.swift; sourceTree = "<group>"; };
		6AA654181BF4B65D00852BC8 /* CategoryCollectionController.swift */ = {isa = PBXFileReference; fileEncoding = 4; lastKnownFileType = sourcecode.swift; name = CategoryCollectionController.swift; path = ViewControllers/CategoryCollectionController.swift; sourceTree = "<group>"; };
		6AA6541A1BF4B69B00852BC8 /* CompanyTableController.swift */ = {isa = PBXFileReference; fileEncoding = 4; lastKnownFileType = sourcecode.swift; name = CompanyTableController.swift; path = ViewControllers/CompanyTableController.swift; sourceTree = "<group>"; };
		6AD622A11BEA6D64008B794A /* Segue.swift */ = {isa = PBXFileReference; fileEncoding = 4; lastKnownFileType = sourcecode.swift; name = Segue.swift; path = Models/Segue.swift; sourceTree = "<group>"; };
		6AD622A31BEA6F14008B794A /* CategoryViewModel.swift */ = {isa = PBXFileReference; fileEncoding = 4; lastKnownFileType = sourcecode.swift; name = CategoryViewModel.swift; path = ViewModel/CategoryViewModel.swift; sourceTree = "<group>"; };
		6AD622A91BEA8D92008B794A /* OnyoTabBarController.swift */ = {isa = PBXFileReference; fileEncoding = 4; lastKnownFileType = sourcecode.swift; name = OnyoTabBarController.swift; path = ViewControllers/OnyoTabBarController.swift; sourceTree = "<group>"; };
		6AD622AB1BEA9276008B794A /* CategoryCell.swift */ = {isa = PBXFileReference; fileEncoding = 4; lastKnownFileType = sourcecode.swift; name = CategoryCell.swift; path = Views/CategoryCell.swift; sourceTree = "<group>"; };
		6AEE2F871BEACEDA00588368 /* CategoriesUITests.swift */ = {isa = PBXFileReference; fileEncoding = 4; lastKnownFileType = sourcecode.swift; path = CategoriesUITests.swift; sourceTree = "<group>"; };
		6AEE2F891BEACF6400588368 /* CategoriesViewControllerSpec.swift */ = {isa = PBXFileReference; fileEncoding = 4; lastKnownFileType = sourcecode.swift; name = CategoriesViewControllerSpec.swift; path = Controllers/CategoriesViewControllerSpec.swift; sourceTree = "<group>"; };
		6AF3FBBC1BEA2A69002D60E0 /* Header.swift */ = {isa = PBXFileReference; fileEncoding = 4; lastKnownFileType = sourcecode.swift; name = Header.swift; path = Views/Header.swift; sourceTree = "<group>"; };
		6AF3FBBF1BEA3262002D60E0 /* CompanyViewModel.swift */ = {isa = PBXFileReference; fileEncoding = 4; lastKnownFileType = sourcecode.swift; name = CompanyViewModel.swift; path = ViewModel/CompanyViewModel.swift; sourceTree = "<group>"; };
		726EBF7422744B7EEB5F347D /* Pods_ios_challenge.framework */ = {isa = PBXFileReference; explicitFileType = wrapper.framework; includeInIndex = 0; path = Pods_ios_challenge.framework; sourceTree = BUILT_PRODUCTS_DIR; };
		CBEE9C72D6F2AF854AC70B43 /* Pods-ios-challengeTests-cal.release.xcconfig */ = {isa = PBXFileReference; includeInIndex = 1; lastKnownFileType = text.xcconfig; name = "Pods-ios-challengeTests-cal.release.xcconfig"; path = "Pods/Target Support Files/Pods-ios-challengeTests-cal/Pods-ios-challengeTests-cal.release.xcconfig"; sourceTree = "<group>"; };
		D22E0CB9F0E819F9E278C28D /* Pods-ios-challenge.debug.xcconfig */ = {isa = PBXFileReference; includeInIndex = 1; lastKnownFileType = text.xcconfig; name = "Pods-ios-challenge.debug.xcconfig"; path = "Pods/Target Support Files/Pods-ios-challenge/Pods-ios-challenge.debug.xcconfig"; sourceTree = "<group>"; };
		DE8B4522A70DFC2F0A3232CD /* Pods_ios_challengeTests_cal.framework */ = {isa = PBXFileReference; explicitFileType = wrapper.framework; includeInIndex = 0; path = Pods_ios_challengeTests_cal.framework; sourceTree = BUILT_PRODUCTS_DIR; };
		E17ED67AC49A0F9BED22C826 /* Pods-ios-challengeTests-cal.debug.xcconfig */ = {isa = PBXFileReference; includeInIndex = 1; lastKnownFileType = text.xcconfig; name = "Pods-ios-challengeTests-cal.debug.xcconfig"; path = "Pods/Target Support Files/Pods-ios-challengeTests-cal/Pods-ios-challengeTests-cal.debug.xcconfig"; sourceTree = "<group>"; };
		F718005EEA87E2301D8921E1 /* Pods-ios-challengeTests.debug.xcconfig */ = {isa = PBXFileReference; includeInIndex = 1; lastKnownFileType = text.xcconfig; name = "Pods-ios-challengeTests.debug.xcconfig"; path = "Pods/Target Support Files/Pods-ios-challengeTests/Pods-ios-challengeTests.debug.xcconfig"; sourceTree = "<group>"; };
/* End PBXFileReference section */

/* Begin PBXFrameworksBuildPhase section */
		6A4781B61BEAC24500F0AECB /* Frameworks */ = {
			isa = PBXFrameworksBuildPhase;
			buildActionMask = 2147483647;
			files = (
			);
			runOnlyForDeploymentPostprocessing = 0;
		};
		6A8EC8BC1BE4F741007E32ED /* Frameworks */ = {
			isa = PBXFrameworksBuildPhase;
			buildActionMask = 2147483647;
			files = (
				50CDBFF3A021AF6C33C0D6D1 /* Pods_ios_challenge.framework in Frameworks */,
			);
			runOnlyForDeploymentPostprocessing = 0;
		};
		6A8EC8D01BE4F742007E32ED /* Frameworks */ = {
			isa = PBXFrameworksBuildPhase;
			buildActionMask = 2147483647;
			files = (
				EEE881C1165472D3CA7D7166 /* Pods_ios_challengeTests.framework in Frameworks */,
			);
			runOnlyForDeploymentPostprocessing = 0;
		};
/* End PBXFrameworksBuildPhase section */

/* Begin PBXGroup section */
		4907C487C493A3C766D1C046 /* Pods */ = {
			isa = PBXGroup;
			children = (
				D22E0CB9F0E819F9E278C28D /* Pods-ios-challenge.debug.xcconfig */,
				2B9E2739F1D06000E6AD3D62 /* Pods-ios-challenge.release.xcconfig */,
				F718005EEA87E2301D8921E1 /* Pods-ios-challengeTests.debug.xcconfig */,
				3CEA69603FC3BA286C271F39 /* Pods-ios-challengeTests.release.xcconfig */,
				E17ED67AC49A0F9BED22C826 /* Pods-ios-challengeTests-cal.debug.xcconfig */,
				CBEE9C72D6F2AF854AC70B43 /* Pods-ios-challengeTests-cal.release.xcconfig */,
			);
			name = Pods;
			sourceTree = "<group>";
		};
		6A1829E91BEA4E3E00972EA4 /* Controllers */ = {
			isa = PBXGroup;
			children = (
				6A1829EA1BEA4E5D00972EA4 /* CompanyViewControllerSpec.swift */,
				6AEE2F891BEACF6400588368 /* CategoriesViewControllerSpec.swift */,
			);
			name = Controllers;
			sourceTree = "<group>";
		};
		6A4781BA1BEAC24500F0AECB /* ios-challengeUITests */ = {
			isa = PBXGroup;
			children = (
				6A4781BB1BEAC24500F0AECB /* CompanyUITests.swift */,
				6AEE2F871BEACEDA00588368 /* CategoriesUITests.swift */,
				6A4781BD1BEAC24500F0AECB /* Info.plist */,
			);
			path = "ios-challengeUITests";
			sourceTree = "<group>";
		};
		6A8EC8B61BE4F741007E32ED = {
			isa = PBXGroup;
			children = (
				6A8EC8C11BE4F741007E32ED /* ios-challenge */,
				6A8EC8D61BE4F742007E32ED /* ios-challengeTests */,
				6A4781BA1BEAC24500F0AECB /* ios-challengeUITests */,
				6A8EC8C01BE4F741007E32ED /* Products */,
				4907C487C493A3C766D1C046 /* Pods */,
				8733F3F25EE65759EC19E63A /* Frameworks */,
			);
			sourceTree = "<group>";
		};
		6A8EC8C01BE4F741007E32ED /* Products */ = {
			isa = PBXGroup;
			children = (
				6A8EC8BF1BE4F741007E32ED /* ios-challenge.app */,
				6A8EC8D31BE4F742007E32ED /* ios-challengeTests.xctest */,
				6A4781B91BEAC24500F0AECB /* ios-challengeUITests.xctest */,
			);
			name = Products;
			sourceTree = "<group>";
		};
		6A8EC8C11BE4F741007E32ED /* ios-challenge */ = {
			isa = PBXGroup;
			children = (
				6AA4E9381BE6446400FF6E14 /* Application */,
				6AA4E93F1BE64BBF00FF6E14 /* Extensions */,
				6AA4E9571BEA178C00FF6E14 /* Api */,
				6AA4E9441BE656DA00FF6E14 /* Models */,
				6AF3FBBE1BEA3242002D60E0 /* ViewModel */,
				6AA4E93A1BE6490C00FF6E14 /* ViewControllers */,
				6AF3FBB91BEA2A1E002D60E0 /* Views */,
				6AA4E9391BE6447100FF6E14 /* Interface */,
				6A8EC8CE1BE4F741007E32ED /* Info.plist */,
			);
			path = "ios-challenge";
			sourceTree = "<group>";
		};
		6A8EC8D61BE4F742007E32ED /* ios-challengeTests */ = {
			isa = PBXGroup;
			children = (
				6AA4E95E1BEA1DDC00FF6E14 /* Api */,
				6AA4E94B1BEA0E0D00FF6E14 /* Model */,
				6A1829E91BEA4E3E00972EA4 /* Controllers */,
				6A8EC8D91BE4F742007E32ED /* Info.plist */,
			);
			path = "ios-challengeTests";
			sourceTree = "<group>";
		};
		6AA4E9381BE6446400FF6E14 /* Application */ = {
			isa = PBXGroup;
			children = (
				6A8EC8C21BE4F741007E32ED /* AppDelegate.swift */,
			);
			name = Application;
			sourceTree = "<group>";
		};
		6AA4E9391BE6447100FF6E14 /* Interface */ = {
			isa = PBXGroup;
			children = (
				6A8EC8C61BE4F741007E32ED /* Main.storyboard */,
				6A8EC8CB1BE4F741007E32ED /* LaunchScreen.storyboard */,
				6A8EC8C91BE4F741007E32ED /* Assets.xcassets */,
			);
			name = Interface;
			sourceTree = "<group>";
		};
		6AA4E93A1BE6490C00FF6E14 /* ViewControllers */ = {
			isa = PBXGroup;
			children = (
				6AA4E93B1BE6493900FF6E14 /* CompanyViewController.swift */,
				6AA6541A1BF4B69B00852BC8 /* CompanyTableController.swift */,
				6AA4E93D1BE6497300FF6E14 /* CategoryViewController.swift */,
				6AA654181BF4B65D00852BC8 /* CategoryCollectionController.swift */,
				6AD622A91BEA8D92008B794A /* OnyoTabBarController.swift */,
			);
			name = ViewControllers;
			sourceTree = "<group>";
		};
		6AA4E93F1BE64BBF00FF6E14 /* Extensions */ = {
			isa = PBXGroup;
			children = (
				6AA4E9401BE64BD200FF6E14 /* UIColor.swift */,
				6AA4E9421BE64E5C00FF6E14 /* UIImage.swift */,
				6A8912A91BEA3AA60019A95A /* NSDate.swift */,
				6AA4E9551BEA176300FF6E14 /* OnyoApiExtension.swift */,
			);
			name = Extensions;
			sourceTree = "<group>";
		};
		6AA4E9441BE656DA00FF6E14 /* Models */ = {
			isa = PBXGroup;
			children = (
				6AA4E95A1BEA1AB600FF6E14 /* ApiResponse.swift */,
				6AA4E9451BE656EC00FF6E14 /* Company.swift */,
				6AA4E9471BE6596500FF6E14 /* Image.swift */,
				6AA4E9491BEA0D2A00FF6E14 /* Categories.swift */,
				6AD622A11BEA6D64008B794A /* Segue.swift */,
			);
			name = Models;
			sourceTree = "<group>";
		};
		6AA4E94B1BEA0E0D00FF6E14 /* Model */ = {
			isa = PBXGroup;
			children = (
				6AA4E94C1BEA0E2C00FF6E14 /* CompanySpec.swift */,
				6AA4E9511BEA148300FF6E14 /* CategorySpec.swift */,
				6AA4E9531BEA169800FF6E14 /* ImageSpec.swift */,
			);
			name = Model;
			sourceTree = "<group>";
		};
		6AA4E9571BEA178C00FF6E14 /* Api */ = {
			isa = PBXGroup;
			children = (
				6AA4E9581BEA179900FF6E14 /* OnyoApi.swift */,
				6AA4E95C1BEA1C6800FF6E14 /* CompanyApi.swift */,
			);
			name = Api;
			sourceTree = "<group>";
		};
		6AA4E95E1BEA1DDC00FF6E14 /* Api */ = {
			isa = PBXGroup;
			children = (
				6AA4E95F1BEA1DF200FF6E14 /* CompanyApiSpec.swift */,
			);
			name = Api;
			sourceTree = "<group>";
		};
		6AF3FBB91BEA2A1E002D60E0 /* Views */ = {
			isa = PBXGroup;
			children = (
				6AF3FBBC1BEA2A69002D60E0 /* Header.swift */,
				6A8912AC1BEA3B830019A95A /* CompanyCell.swift */,
				6AD622AB1BEA9276008B794A /* CategoryCell.swift */,
			);
			name = Views;
			sourceTree = "<group>";
		};
		6AF3FBBE1BEA3242002D60E0 /* ViewModel */ = {
			isa = PBXGroup;
			children = (
				6AF3FBBF1BEA3262002D60E0 /* CompanyViewModel.swift */,
				6AD622A31BEA6F14008B794A /* CategoryViewModel.swift */,
			);
			name = ViewModel;
			sourceTree = "<group>";
		};
		8733F3F25EE65759EC19E63A /* Frameworks */ = {
			isa = PBXGroup;
			children = (
				726EBF7422744B7EEB5F347D /* Pods_ios_challenge.framework */,
				3215FCCB09B238A9B2A52274 /* Pods_ios_challengeTests.framework */,
				DE8B4522A70DFC2F0A3232CD /* Pods_ios_challengeTests_cal.framework */,
			);
			name = Frameworks;
			sourceTree = "<group>";
		};
/* End PBXGroup section */

/* Begin PBXNativeTarget section */
		6A4781B81BEAC24500F0AECB /* ios-challengeUITests */ = {
			isa = PBXNativeTarget;
			buildConfigurationList = 6A4781C01BEAC24500F0AECB /* Build configuration list for PBXNativeTarget "ios-challengeUITests" */;
			buildPhases = (
				6A4781B51BEAC24500F0AECB /* Sources */,
				6A4781B61BEAC24500F0AECB /* Frameworks */,
				6A4781B71BEAC24500F0AECB /* Resources */,
			);
			buildRules = (
			);
			dependencies = (
				6A4781BF1BEAC24500F0AECB /* PBXTargetDependency */,
			);
			name = "ios-challengeUITests";
			productName = "ios-challengeUITests";
			productReference = 6A4781B91BEAC24500F0AECB /* ios-challengeUITests.xctest */;
			productType = "com.apple.product-type.bundle.ui-testing";
		};
		6A8EC8BE1BE4F741007E32ED /* ios-challenge */ = {
			isa = PBXNativeTarget;
			buildConfigurationList = 6A8EC8E71BE4F742007E32ED /* Build configuration list for PBXNativeTarget "ios-challenge" */;
			buildPhases = (
				7D87236672816A54AC9A5527 /* Check Pods Manifest.lock */,
				6A8EC8BB1BE4F741007E32ED /* Sources */,
				6A8EC8BC1BE4F741007E32ED /* Frameworks */,
				6A8EC8BD1BE4F741007E32ED /* Resources */,
				28CA93DAB206592EEBFD0E29 /* Embed Pods Frameworks */,
				00AEB16CF397487D86348559 /* Copy Pods Resources */,
			);
			buildRules = (
			);
			dependencies = (
			);
			name = "ios-challenge";
			productName = "ios-challenge";
			productReference = 6A8EC8BF1BE4F741007E32ED /* ios-challenge.app */;
			productType = "com.apple.product-type.application";
		};
		6A8EC8D21BE4F742007E32ED /* ios-challengeTests */ = {
			isa = PBXNativeTarget;
			buildConfigurationList = 6A8EC8EA1BE4F742007E32ED /* Build configuration list for PBXNativeTarget "ios-challengeTests" */;
			buildPhases = (
				0D2CF19666FED13453244EFE /* Check Pods Manifest.lock */,
				6A8EC8CF1BE4F742007E32ED /* Sources */,
				6A8EC8D01BE4F742007E32ED /* Frameworks */,
				6A8EC8D11BE4F742007E32ED /* Resources */,
				22B6A5E26B8A6B7790995D3A /* Embed Pods Frameworks */,
				67BDB2B450140AA0B9FF1C73 /* Copy Pods Resources */,
			);
			buildRules = (
			);
			dependencies = (
				6A8EC8D51BE4F742007E32ED /* PBXTargetDependency */,
			);
			name = "ios-challengeTests";
			productName = "ios-challengeTests";
			productReference = 6A8EC8D31BE4F742007E32ED /* ios-challengeTests.xctest */;
			productType = "com.apple.product-type.bundle.unit-test";
		};
/* End PBXNativeTarget section */

/* Begin PBXProject section */
		6A8EC8B71BE4F741007E32ED /* Project object */ = {
			isa = PBXProject;
			attributes = {
				LastSwiftUpdateCheck = 0710;
				LastUpgradeCheck = 0710;
				ORGANIZATIONNAME = Onyo;
				TargetAttributes = {
					6A4781B81BEAC24500F0AECB = {
						CreatedOnToolsVersion = 7.1;
						TestTargetID = 6A8EC8BE1BE4F741007E32ED;
					};
					6A8EC8BE1BE4F741007E32ED = {
						CreatedOnToolsVersion = 7.1;
						DevelopmentTeam = RKX9Y29QE8;
					};
					6A8EC8D21BE4F742007E32ED = {
						CreatedOnToolsVersion = 7.1;
						TestTargetID = 6A8EC8BE1BE4F741007E32ED;
					};
				};
			};
			buildConfigurationList = 6A8EC8BA1BE4F741007E32ED /* Build configuration list for PBXProject "ios-challenge" */;
			compatibilityVersion = "Xcode 3.2";
			developmentRegion = English;
			hasScannedForEncodings = 0;
			knownRegions = (
				en,
				Base,
			);
			mainGroup = 6A8EC8B61BE4F741007E32ED;
			productRefGroup = 6A8EC8C01BE4F741007E32ED /* Products */;
			projectDirPath = "";
			projectRoot = "";
			targets = (
				6A8EC8BE1BE4F741007E32ED /* ios-challenge */,
				6A8EC8D21BE4F742007E32ED /* ios-challengeTests */,
				6A4781B81BEAC24500F0AECB /* ios-challengeUITests */,
			);
		};
/* End PBXProject section */

/* Begin PBXResourcesBuildPhase section */
		6A4781B71BEAC24500F0AECB /* Resources */ = {
			isa = PBXResourcesBuildPhase;
			buildActionMask = 2147483647;
			files = (
			);
			runOnlyForDeploymentPostprocessing = 0;
		};
		6A8EC8BD1BE4F741007E32ED /* Resources */ = {
			isa = PBXResourcesBuildPhase;
			buildActionMask = 2147483647;
			files = (
				6A8EC8CD1BE4F741007E32ED /* LaunchScreen.storyboard in Resources */,
				6A8EC8CA1BE4F741007E32ED /* Assets.xcassets in Resources */,
				6A8EC8C81BE4F741007E32ED /* Main.storyboard in Resources */,
			);
			runOnlyForDeploymentPostprocessing = 0;
		};
		6A8EC8D11BE4F742007E32ED /* Resources */ = {
			isa = PBXResourcesBuildPhase;
			buildActionMask = 2147483647;
			files = (
			);
			runOnlyForDeploymentPostprocessing = 0;
		};
/* End PBXResourcesBuildPhase section */

/* Begin PBXShellScriptBuildPhase section */
		00AEB16CF397487D86348559 /* Copy Pods Resources */ = {
			isa = PBXShellScriptBuildPhase;
			buildActionMask = 2147483647;
			files = (
			);
			inputPaths = (
			);
			name = "Copy Pods Resources";
			outputPaths = (
			);
			runOnlyForDeploymentPostprocessing = 0;
			shellPath = /bin/sh;
			shellScript = "\"${SRCROOT}/Pods/Target Support Files/Pods-ios-challenge/Pods-ios-challenge-resources.sh\"\n";
			showEnvVarsInLog = 0;
		};
		0D2CF19666FED13453244EFE /* Check Pods Manifest.lock */ = {
			isa = PBXShellScriptBuildPhase;
			buildActionMask = 2147483647;
			files = (
			);
			inputPaths = (
			);
			name = "Check Pods Manifest.lock";
			outputPaths = (
			);
			runOnlyForDeploymentPostprocessing = 0;
			shellPath = /bin/sh;
			shellScript = "diff \"${PODS_ROOT}/../Podfile.lock\" \"${PODS_ROOT}/Manifest.lock\" > /dev/null\nif [[ $? != 0 ]] ; then\n    cat << EOM\nerror: The sandbox is not in sync with the Podfile.lock. Run 'pod install' or update your CocoaPods installation.\nEOM\n    exit 1\nfi\n";
			showEnvVarsInLog = 0;
		};
		22B6A5E26B8A6B7790995D3A /* Embed Pods Frameworks */ = {
			isa = PBXShellScriptBuildPhase;
			buildActionMask = 2147483647;
			files = (
			);
			inputPaths = (
			);
			name = "Embed Pods Frameworks";
			outputPaths = (
			);
			runOnlyForDeploymentPostprocessing = 0;
			shellPath = /bin/sh;
			shellScript = "\"${SRCROOT}/Pods/Target Support Files/Pods-ios-challengeTests/Pods-ios-challengeTests-frameworks.sh\"\n";
			showEnvVarsInLog = 0;
		};
		28CA93DAB206592EEBFD0E29 /* Embed Pods Frameworks */ = {
			isa = PBXShellScriptBuildPhase;
			buildActionMask = 2147483647;
			files = (
			);
			inputPaths = (
			);
			name = "Embed Pods Frameworks";
			outputPaths = (
			);
			runOnlyForDeploymentPostprocessing = 0;
			shellPath = /bin/sh;
			shellScript = "\"${SRCROOT}/Pods/Target Support Files/Pods-ios-challenge/Pods-ios-challenge-frameworks.sh\"\n";
			showEnvVarsInLog = 0;
		};
		67BDB2B450140AA0B9FF1C73 /* Copy Pods Resources */ = {
			isa = PBXShellScriptBuildPhase;
			buildActionMask = 2147483647;
			files = (
			);
			inputPaths = (
			);
			name = "Copy Pods Resources";
			outputPaths = (
			);
			runOnlyForDeploymentPostprocessing = 0;
			shellPath = /bin/sh;
			shellScript = "\"${SRCROOT}/Pods/Target Support Files/Pods-ios-challengeTests/Pods-ios-challengeTests-resources.sh\"\n";
			showEnvVarsInLog = 0;
		};
		7D87236672816A54AC9A5527 /* Check Pods Manifest.lock */ = {
			isa = PBXShellScriptBuildPhase;
			buildActionMask = 2147483647;
			files = (
			);
			inputPaths = (
			);
			name = "Check Pods Manifest.lock";
			outputPaths = (
			);
			runOnlyForDeploymentPostprocessing = 0;
			shellPath = /bin/sh;
			shellScript = "diff \"${PODS_ROOT}/../Podfile.lock\" \"${PODS_ROOT}/Manifest.lock\" > /dev/null\nif [[ $? != 0 ]] ; then\n    cat << EOM\nerror: The sandbox is not in sync with the Podfile.lock. Run 'pod install' or update your CocoaPods installation.\nEOM\n    exit 1\nfi\n";
			showEnvVarsInLog = 0;
		};
/* End PBXShellScriptBuildPhase section */

/* Begin PBXSourcesBuildPhase section */
		6A4781B51BEAC24500F0AECB /* Sources */ = {
			isa = PBXSourcesBuildPhase;
			buildActionMask = 2147483647;
			files = (
				6A4781BC1BEAC24500F0AECB /* CompanyUITests.swift in Sources */,
				6AEE2F881BEACEDA00588368 /* CategoriesUITests.swift in Sources */,
			);
			runOnlyForDeploymentPostprocessing = 0;
		};
		6A8EC8BB1BE4F741007E32ED /* Sources */ = {
			isa = PBXSourcesBuildPhase;
			buildActionMask = 2147483647;
			files = (
				6AA4E95B1BEA1AB600FF6E14 /* ApiResponse.swift in Sources */,
				6AA4E9481BE6596500FF6E14 /* Image.swift in Sources */,
				6AA4E93C1BE6493900FF6E14 /* CompanyViewController.swift in Sources */,
				6A8912AD1BEA3B830019A95A /* CompanyCell.swift in Sources */,
				6AF3FBBD1BEA2A69002D60E0 /* Header.swift in Sources */,
				6A8912AA1BEA3AA60019A95A /* NSDate.swift in Sources */,
				6AA4E9431BE64E5C00FF6E14 /* UIImage.swift in Sources */,
				6AA4E9591BEA179900FF6E14 /* OnyoApi.swift in Sources */,
				6AD622AA1BEA8D92008B794A /* OnyoTabBarController.swift in Sources */,
				6AF3FBC01BEA3262002D60E0 /* CompanyViewModel.swift in Sources */,
				6AA654191BF4B65D00852BC8 /* CategoryCollectionController.swift in Sources */,
				6AA4E9411BE64BD200FF6E14 /* UIColor.swift in Sources */,
				6AA6541B1BF4B69B00852BC8 /* CompanyTableController.swift in Sources */,
				6AA4E95D1BEA1C6800FF6E14 /* CompanyApi.swift in Sources */,
				6AA4E93E1BE6497300FF6E14 /* CategoryViewController.swift in Sources */,
				6A8EC8C31BE4F741007E32ED /* AppDelegate.swift in Sources */,
				6AD622A21BEA6D64008B794A /* Segue.swift in Sources */,
				6AA4E9561BEA176300FF6E14 /* OnyoApiExtension.swift in Sources */,
				6AA4E9461BE656EC00FF6E14 /* Company.swift in Sources */,
				6AD622A41BEA6F14008B794A /* CategoryViewModel.swift in Sources */,
				6AA4E94A1BEA0D2A00FF6E14 /* Categories.swift in Sources */,
				6AD622AC1BEA9276008B794A /* CategoryCell.swift in Sources */,
			);
			runOnlyForDeploymentPostprocessing = 0;
		};
		6A8EC8CF1BE4F742007E32ED /* Sources */ = {
			isa = PBXSourcesBuildPhase;
			buildActionMask = 2147483647;
			files = (
				6AA4E9521BEA148300FF6E14 /* CategorySpec.swift in Sources */,
				6AA4E9601BEA1DF200FF6E14 /* CompanyApiSpec.swift in Sources */,
				6AEE2F8A1BEACF6400588368 /* CategoriesViewControllerSpec.swift in Sources */,
				6A1829EB1BEA4E5D00972EA4 /* CompanyViewControllerSpec.swift in Sources */,
				6AA4E9541BEA169800FF6E14 /* ImageSpec.swift in Sources */,
				6AA4E94D1BEA0E2C00FF6E14 /* CompanySpec.swift in Sources */,
			);
			runOnlyForDeploymentPostprocessing = 0;
		};
/* End PBXSourcesBuildPhase section */

/* Begin PBXTargetDependency section */
		6A4781BF1BEAC24500F0AECB /* PBXTargetDependency */ = {
			isa = PBXTargetDependency;
			target = 6A8EC8BE1BE4F741007E32ED /* ios-challenge */;
			targetProxy = 6A4781BE1BEAC24500F0AECB /* PBXContainerItemProxy */;
		};
		6A8EC8D51BE4F742007E32ED /* PBXTargetDependency */ = {
			isa = PBXTargetDependency;
			target = 6A8EC8BE1BE4F741007E32ED /* ios-challenge */;
			targetProxy = 6A8EC8D41BE4F742007E32ED /* PBXContainerItemProxy */;
		};
/* End PBXTargetDependency section */

/* Begin PBXVariantGroup section */
		6A8EC8C61BE4F741007E32ED /* Main.storyboard */ = {
			isa = PBXVariantGroup;
			children = (
				6A8EC8C71BE4F741007E32ED /* Base */,
			);
			name = Main.storyboard;
			sourceTree = "<group>";
		};
		6A8EC8CB1BE4F741007E32ED /* LaunchScreen.storyboard */ = {
			isa = PBXVariantGroup;
			children = (
				6A8EC8CC1BE4F741007E32ED /* Base */,
			);
			name = LaunchScreen.storyboard;
			sourceTree = "<group>";
		};
/* End PBXVariantGroup section */

/* Begin XCBuildConfiguration section */
		6A4781C11BEAC24500F0AECB /* Debug */ = {
			isa = XCBuildConfiguration;
			buildSettings = {
				INFOPLIST_FILE = "ios-challengeUITests/Info.plist";
				LD_RUNPATH_SEARCH_PATHS = "$(inherited) @executable_path/Frameworks @loader_path/Frameworks";
				PRODUCT_BUNDLE_IDENTIFIER = "br.com.onyo.ios-challengeUITests";
				PRODUCT_NAME = "$(TARGET_NAME)";
				TEST_TARGET_NAME = "ios-challenge";
				USES_XCTRUNNER = YES;
			};
			name = Debug;
		};
		6A4781C21BEAC24500F0AECB /* Release */ = {
			isa = XCBuildConfiguration;
			buildSettings = {
				INFOPLIST_FILE = "ios-challengeUITests/Info.plist";
				LD_RUNPATH_SEARCH_PATHS = "$(inherited) @executable_path/Frameworks @loader_path/Frameworks";
				PRODUCT_BUNDLE_IDENTIFIER = "br.com.onyo.ios-challengeUITests";
				PRODUCT_NAME = "$(TARGET_NAME)";
				TEST_TARGET_NAME = "ios-challenge";
				USES_XCTRUNNER = YES;
			};
			name = Release;
		};
		6A8EC8E51BE4F742007E32ED /* Debug */ = {
			isa = XCBuildConfiguration;
			buildSettings = {
				ALWAYS_SEARCH_USER_PATHS = NO;
				CLANG_CXX_LANGUAGE_STANDARD = "gnu++0x";
				CLANG_CXX_LIBRARY = "libc++";
				CLANG_ENABLE_MODULES = YES;
				CLANG_ENABLE_OBJC_ARC = YES;
				CLANG_WARN_BOOL_CONVERSION = YES;
				CLANG_WARN_CONSTANT_CONVERSION = YES;
				CLANG_WARN_DIRECT_OBJC_ISA_USAGE = YES_ERROR;
				CLANG_WARN_EMPTY_BODY = YES;
				CLANG_WARN_ENUM_CONVERSION = YES;
				CLANG_WARN_INT_CONVERSION = YES;
				CLANG_WARN_OBJC_ROOT_CLASS = YES_ERROR;
				CLANG_WARN_UNREACHABLE_CODE = YES;
				CLANG_WARN__DUPLICATE_METHOD_MATCH = YES;
				"CODE_SIGN_IDENTITY[sdk=iphoneos*]" = "iPhone Developer";
				COPY_PHASE_STRIP = NO;
				DEBUG_INFORMATION_FORMAT = dwarf;
				ENABLE_STRICT_OBJC_MSGSEND = YES;
				ENABLE_TESTABILITY = YES;
				GCC_C_LANGUAGE_STANDARD = gnu99;
				GCC_DYNAMIC_NO_PIC = NO;
				GCC_NO_COMMON_BLOCKS = YES;
				GCC_OPTIMIZATION_LEVEL = 0;
				GCC_PREPROCESSOR_DEFINITIONS = (
					"DEBUG=1",
					"$(inherited)",
				);
				GCC_WARN_64_TO_32_BIT_CONVERSION = YES;
				GCC_WARN_ABOUT_RETURN_TYPE = YES_ERROR;
				GCC_WARN_UNDECLARED_SELECTOR = YES;
				GCC_WARN_UNINITIALIZED_AUTOS = YES_AGGRESSIVE;
				GCC_WARN_UNUSED_FUNCTION = YES;
				GCC_WARN_UNUSED_VARIABLE = YES;
				IPHONEOS_DEPLOYMENT_TARGET = 9.1;
				MTL_ENABLE_DEBUG_INFO = YES;
				ONLY_ACTIVE_ARCH = YES;
				SDKROOT = iphoneos;
				SWIFT_OPTIMIZATION_LEVEL = "-Onone";
			};
			name = Debug;
		};
		6A8EC8E61BE4F742007E32ED /* Release */ = {
			isa = XCBuildConfiguration;
			buildSettings = {
				ALWAYS_SEARCH_USER_PATHS = NO;
				CLANG_CXX_LANGUAGE_STANDARD = "gnu++0x";
				CLANG_CXX_LIBRARY = "libc++";
				CLANG_ENABLE_MODULES = YES;
				CLANG_ENABLE_OBJC_ARC = YES;
				CLANG_WARN_BOOL_CONVERSION = YES;
				CLANG_WARN_CONSTANT_CONVERSION = YES;
				CLANG_WARN_DIRECT_OBJC_ISA_USAGE = YES_ERROR;
				CLANG_WARN_EMPTY_BODY = YES;
				CLANG_WARN_ENUM_CONVERSION = YES;
				CLANG_WARN_INT_CONVERSION = YES;
				CLANG_WARN_OBJC_ROOT_CLASS = YES_ERROR;
				CLANG_WARN_UNREACHABLE_CODE = YES;
				CLANG_WARN__DUPLICATE_METHOD_MATCH = YES;
				"CODE_SIGN_IDENTITY[sdk=iphoneos*]" = "iPhone Developer";
				COPY_PHASE_STRIP = NO;
				DEBUG_INFORMATION_FORMAT = "dwarf-with-dsym";
				ENABLE_NS_ASSERTIONS = NO;
				ENABLE_STRICT_OBJC_MSGSEND = YES;
				GCC_C_LANGUAGE_STANDARD = gnu99;
				GCC_NO_COMMON_BLOCKS = YES;
				GCC_WARN_64_TO_32_BIT_CONVERSION = YES;
				GCC_WARN_ABOUT_RETURN_TYPE = YES_ERROR;
				GCC_WARN_UNDECLARED_SELECTOR = YES;
				GCC_WARN_UNINITIALIZED_AUTOS = YES_AGGRESSIVE;
				GCC_WARN_UNUSED_FUNCTION = YES;
				GCC_WARN_UNUSED_VARIABLE = YES;
				IPHONEOS_DEPLOYMENT_TARGET = 9.1;
				MTL_ENABLE_DEBUG_INFO = NO;
				SDKROOT = iphoneos;
				VALIDATE_PRODUCT = YES;
			};
			name = Release;
		};
		6A8EC8E81BE4F742007E32ED /* Debug */ = {
			isa = XCBuildConfiguration;
			baseConfigurationReference = D22E0CB9F0E819F9E278C28D /* Pods-ios-challenge.debug.xcconfig */;
			buildSettings = {
				ASSETCATALOG_COMPILER_APPICON_NAME = AppIcon;
				CODE_SIGN_IDENTITY = "iPhone Developer";
				CURRENT_PROJECT_VERSION = 2;
				DEFINES_MODULE = YES;
				INFOPLIST_FILE = "ios-challenge/Info.plist";
				LD_RUNPATH_SEARCH_PATHS = "$(inherited) @executable_path/Frameworks";
				PRODUCT_BUNDLE_IDENTIFIER = "br.com.onyo.ios-challenge";
				PRODUCT_NAME = "$(TARGET_NAME)";
				VERSIONING_SYSTEM = "apple-generic";
			};
			name = Debug;
		};
		6A8EC8E91BE4F742007E32ED /* Release */ = {
			isa = XCBuildConfiguration;
			baseConfigurationReference = 2B9E2739F1D06000E6AD3D62 /* Pods-ios-challenge.release.xcconfig */;
			buildSettings = {
				ASSETCATALOG_COMPILER_APPICON_NAME = AppIcon;
				CODE_SIGN_IDENTITY = "iPhone Developer";
				CURRENT_PROJECT_VERSION = 2;
				DEFINES_MODULE = YES;
				INFOPLIST_FILE = "ios-challenge/Info.plist";
				LD_RUNPATH_SEARCH_PATHS = "$(inherited) @executable_path/Frameworks";
				PRODUCT_BUNDLE_IDENTIFIER = "br.com.onyo.ios-challenge";
				PRODUCT_NAME = "$(TARGET_NAME)";
				VERSIONING_SYSTEM = "apple-generic";
			};
			name = Release;
		};
		6A8EC8EB1BE4F742007E32ED /* Debug */ = {
			isa = XCBuildConfiguration;
			baseConfigurationReference = F718005EEA87E2301D8921E1 /* Pods-ios-challengeTests.debug.xcconfig */;
			buildSettings = {
				BUNDLE_LOADER = "$(TEST_HOST)";
				INFOPLIST_FILE = "ios-challengeTests/Info.plist";
				LD_RUNPATH_SEARCH_PATHS = "$(inherited) @executable_path/Frameworks @loader_path/Frameworks";
				PRODUCT_BUNDLE_IDENTIFIER = "br.com.onyo.ios-challengeTests";
				PRODUCT_NAME = "$(TARGET_NAME)";
				TEST_HOST = "$(BUILT_PRODUCTS_DIR)/ios-challenge.app/ios-challenge";
			};
			name = Debug;
		};
		6A8EC8EC1BE4F742007E32ED /* Release */ = {
			isa = XCBuildConfiguration;
			baseConfigurationReference = 3CEA69603FC3BA286C271F39 /* Pods-ios-challengeTests.release.xcconfig */;
			buildSettings = {
				BUNDLE_LOADER = "$(TEST_HOST)";
				INFOPLIST_FILE = "ios-challengeTests/Info.plist";
				LD_RUNPATH_SEARCH_PATHS = "$(inherited) @executable_path/Frameworks @loader_path/Frameworks";
				PRODUCT_BUNDLE_IDENTIFIER = "br.com.onyo.ios-challengeTests";
				PRODUCT_NAME = "$(TARGET_NAME)";
				TEST_HOST = "$(BUILT_PRODUCTS_DIR)/ios-challenge.app/ios-challenge";
			};
			name = Release;
		};
/* End XCBuildConfiguration section */

/* Begin XCConfigurationList section */
		6A4781C01BEAC24500F0AECB /* Build configuration list for PBXNativeTarget "ios-challengeUITests" */ = {
			isa = XCConfigurationList;
			buildConfigurations = (
				6A4781C11BEAC24500F0AECB /* Debug */,
				6A4781C21BEAC24500F0AECB /* Release */,
			);
			defaultConfigurationIsVisible = 0;
			defaultConfigurationName = Release;
		};
		6A8EC8BA1BE4F741007E32ED /* Build configuration list for PBXProject "ios-challenge" */ = {
			isa = XCConfigurationList;
			buildConfigurations = (
				6A8EC8E51BE4F742007E32ED /* Debug */,
				6A8EC8E61BE4F742007E32ED /* Release */,
			);
			defaultConfigurationIsVisible = 0;
			defaultConfigurationName = Release;
		};
		6A8EC8E71BE4F742007E32ED /* Build configuration list for PBXNativeTarget "ios-challenge" */ = {
			isa = XCConfigurationList;
			buildConfigurations = (
				6A8EC8E81BE4F742007E32ED /* Debug */,
				6A8EC8E91BE4F742007E32ED /* Release */,
			);
			defaultConfigurationIsVisible = 0;
			defaultConfigurationName = Release;
		};
		6A8EC8EA1BE4F742007E32ED /* Build configuration list for PBXNativeTarget "ios-challengeTests" */ = {
			isa = XCConfigurationList;
			buildConfigurations = (
				6A8EC8EB1BE4F742007E32ED /* Debug */,
				6A8EC8EC1BE4F742007E32ED /* Release */,
			);
			defaultConfigurationIsVisible = 0;
			defaultConfigurationName = Release;
		};
/* End XCConfigurationList section */
	};
	rootObject = 6A8EC8B71BE4F741007E32ED /* Project object */;
}
